
Microsoft Visual Studio Solution File, Format Version 12.00
# Visual Studio Version 16
VisualStudioVersion = 16.0.31702.278
MinimumVisualStudioVersion = 10.0.40219.1
Project("{FAE04EC0-301F-11D3-BF4B-00C04F79EFBC}") = "SocialMEdia.Api", "SocialMEdia.Api\SocialMEdia.Api.csproj", "{A5DF0A66-1620-4179-9BAD-8C6F96DB3150}"
EndProject
Project("{2150E333-8FDC-42A3-9474-1A3956D46DE8}") = "Test", "Test", "{47AF68F6-3FED-4868-AFB4-8F67440FD214}"
EndProject
Project("{FAE04EC0-301F-11D3-BF4B-00C04F79EFBC}") = "SocialMedia.UnitTest", "SocialMedia.UnitTest\SocialMedia.UnitTest.csproj", "{EFA94002-07BB-493C-9D32-68E23BD0BED4}"
EndProject
Project("{FAE04EC0-301F-11D3-BF4B-00C04F79EFBC}") = "SocialMedia.IntegrationsTest", "SocialMedia.IntegrationsTest\SocialMedia.IntegrationsTest.csproj", "{C7D37BD3-FF93-489F-8529-A7841F79777F}"
EndProject
Project("{FAE04EC0-301F-11D3-BF4B-00C04F79EFBC}") = "SocialMedia.Domain", "SocialMedia.Domain\SocialMedia.Domain.csproj", "{6834BB06-654B-4234-A756-14DD7E12D161}"
EndProject
Project("{FAE04EC0-301F-11D3-BF4B-00C04F79EFBC}") = "SocialMedia.Infrastructure", "SocialMedia.Infrastructure\SocialMedia.Infrastructure.csproj", "{697EADAE-0C41-4C23-AF29-E3FDA5209F8E}"
EndProject
Global
	GlobalSection(SolutionConfigurationPlatforms) = preSolution
		Debug|Any CPU = Debug|Any CPU
		Release|Any CPU = Release|Any CPU
	EndGlobalSection
	GlobalSection(ProjectConfigurationPlatforms) = postSolution
		{A5DF0A66-1620-4179-9BAD-8C6F96DB3150}.Debug|Any CPU.ActiveCfg = Debug|Any CPU
		{A5DF0A66-1620-4179-9BAD-8C6F96DB3150}.Debug|Any CPU.Build.0 = Debug|Any CPU
		{A5DF0A66-1620-4179-9BAD-8C6F96DB3150}.Release|Any CPU.ActiveCfg = Release|Any CPU
		{A5DF0A66-1620-4179-9BAD-8C6F96DB3150}.Release|Any CPU.Build.0 = Release|Any CPU
		{EFA94002-07BB-493C-9D32-68E23BD0BED4}.Debug|Any CPU.ActiveCfg = Debug|Any CPU
		{EFA94002-07BB-493C-9D32-68E23BD0BED4}.Debug|Any CPU.Build.0 = Debug|Any CPU
		{EFA94002-07BB-493C-9D32-68E23BD0BED4}.Release|Any CPU.ActiveCfg = Release|Any CPU
		{EFA94002-07BB-493C-9D32-68E23BD0BED4}.Release|Any CPU.Build.0 = Release|Any CPU
		{C7D37BD3-FF93-489F-8529-A7841F79777F}.Debug|Any CPU.ActiveCfg = Debug|Any CPU
		{C7D37BD3-FF93-489F-8529-A7841F79777F}.Debug|Any CPU.Build.0 = Debug|Any CPU
		{C7D37BD3-FF93-489F-8529-A7841F79777F}.Release|Any CPU.ActiveCfg = Release|Any CPU
		{C7D37BD3-FF93-489F-8529-A7841F79777F}.Release|Any CPU.Build.0 = Release|Any CPU
		{6834BB06-654B-4234-A756-14DD7E12D161}.Debug|Any CPU.ActiveCfg = Debug|Any CPU
		{6834BB06-654B-4234-A756-14DD7E12D161}.Debug|Any CPU.Build.0 = Debug|Any CPU
		{6834BB06-654B-4234-A756-14DD7E12D161}.Release|Any CPU.ActiveCfg = Release|Any CPU
		{6834BB06-654B-4234-A756-14DD7E12D161}.Release|Any CPU.Build.0 = Release|Any CPU
		{697EADAE-0C41-4C23-AF29-E3FDA5209F8E}.Debug|Any CPU.ActiveCfg = Debug|Any CPU
		{697EADAE-0C41-4C23-AF29-E3FDA5209F8E}.Debug|Any CPU.Build.0 = Debug|Any CPU
		{697EADAE-0C41-4C23-AF29-E3FDA5209F8E}.Release|Any CPU.ActiveCfg = Release|Any CPU
		{697EADAE-0C41-4C23-AF29-E3FDA5209F8E}.Release|Any CPU.Build.0 = Release|Any CPU
	EndGlobalSection
	GlobalSection(SolutionProperties) = preSolution
		HideSolutionNode = FALSE
	EndGlobalSection
	GlobalSection(NestedProjects) = preSolution
		{EFA94002-07BB-493C-9D32-68E23BD0BED4} = {47AF68F6-3FED-4868-AFB4-8F67440FD214}
		{C7D37BD3-FF93-489F-8529-A7841F79777F} = {47AF68F6-3FED-4868-AFB4-8F67440FD214}
	EndGlobalSection
	GlobalSection(ExtensibilityGlobals) = postSolution
		SolutionGuid = {E41D2309-0A1E-48C0-861A-F6AE1E23457B}
	EndGlobalSection
EndGlobal
